
Microsoft Visual Studio Solution File, Format Version 12.00
# Visual Studio Version 16
VisualStudioVersion = 16.0.32228.343
MinimumVisualStudioVersion = 10.0.40219.1
Project("{FAE04EC0-301F-11D3-BF4B-00C04F79EFBC}") = "TopNewsAPI", "TopNewsAPI.csproj", "{EA4FAE26-4270-4F99-A973-4BB64F49AD92}"
EndProject
Project("{FAE04EC0-301F-11D3-BF4B-00C04F79EFBC}") = "TopNews.Core", "..\TopNews.Core\TopNews.Core.csproj", "{ABC86C5C-2BEF-4F0B-9B8E-A0B0BD8D6DA9}"
EndProject
Project("{FAE04EC0-301F-11D3-BF4B-00C04F79EFBC}") = "TopNews.Services", "..\TopNews.Services\TopNews.Services.csproj", "{22BBE10C-26EC-4A9A-9341-F27A14DFFCA8}"
EndProject
Project("{FAE04EC0-301F-11D3-BF4B-00C04F79EFBC}") = "TopNews.Data", "..\TopNews.Data\TopNews.Data.csproj", "{99DB5A81-4A81-4476-8C9D-20FEFF39D751}"
EndProject
Project("{FAE04EC0-301F-11D3-BF4B-00C04F79EFBC}") = "TopNews.TestProject", "..\TopNews.TestProject\TopNews.TestProject.csproj", "{3C096A7D-1DBA-45FF-B1E8-1C9804164213}"
EndProject
Global
	GlobalSection(SolutionConfigurationPlatforms) = preSolution
		Debug|Any CPU = Debug|Any CPU
		Release|Any CPU = Release|Any CPU
	EndGlobalSection
	GlobalSection(ProjectConfigurationPlatforms) = postSolution
		{EA4FAE26-4270-4F99-A973-4BB64F49AD92}.Debug|Any CPU.ActiveCfg = Debug|Any CPU
		{EA4FAE26-4270-4F99-A973-4BB64F49AD92}.Debug|Any CPU.Build.0 = Debug|Any CPU
		{EA4FAE26-4270-4F99-A973-4BB64F49AD92}.Release|Any CPU.ActiveCfg = Release|Any CPU
		{EA4FAE26-4270-4F99-A973-4BB64F49AD92}.Release|Any CPU.Build.0 = Release|Any CPU
		{ABC86C5C-2BEF-4F0B-9B8E-A0B0BD8D6DA9}.Debug|Any CPU.ActiveCfg = Debug|Any CPU
		{ABC86C5C-2BEF-4F0B-9B8E-A0B0BD8D6DA9}.Debug|Any CPU.Build.0 = Debug|Any CPU
		{ABC86C5C-2BEF-4F0B-9B8E-A0B0BD8D6DA9}.Release|Any CPU.ActiveCfg = Release|Any CPU
		{ABC86C5C-2BEF-4F0B-9B8E-A0B0BD8D6DA9}.Release|Any CPU.Build.0 = Release|Any CPU
		{22BBE10C-26EC-4A9A-9341-F27A14DFFCA8}.Debug|Any CPU.ActiveCfg = Debug|Any CPU
		{22BBE10C-26EC-4A9A-9341-F27A14DFFCA8}.Debug|Any CPU.Build.0 = Debug|Any CPU
		{22BBE10C-26EC-4A9A-9341-F27A14DFFCA8}.Release|Any CPU.ActiveCfg = Release|Any CPU
		{22BBE10C-26EC-4A9A-9341-F27A14DFFCA8}.Release|Any CPU.Build.0 = Release|Any CPU
		{99DB5A81-4A81-4476-8C9D-20FEFF39D751}.Debug|Any CPU.ActiveCfg = Debug|Any CPU
		{99DB5A81-4A81-4476-8C9D-20FEFF39D751}.Debug|Any CPU.Build.0 = Debug|Any CPU
		{99DB5A81-4A81-4476-8C9D-20FEFF39D751}.Release|Any CPU.ActiveCfg = Release|Any CPU
		{99DB5A81-4A81-4476-8C9D-20FEFF39D751}.Release|Any CPU.Build.0 = Release|Any CPU
		{3C096A7D-1DBA-45FF-B1E8-1C9804164213}.Debug|Any CPU.ActiveCfg = Debug|Any CPU
		{3C096A7D-1DBA-45FF-B1E8-1C9804164213}.Debug|Any CPU.Build.0 = Debug|Any CPU
		{3C096A7D-1DBA-45FF-B1E8-1C9804164213}.Release|Any CPU.ActiveCfg = Release|Any CPU
		{3C096A7D-1DBA-45FF-B1E8-1C9804164213}.Release|Any CPU.Build.0 = Release|Any CPU
	EndGlobalSection
	GlobalSection(SolutionProperties) = preSolution
		HideSolutionNode = FALSE
	EndGlobalSection
	GlobalSection(ExtensibilityGlobals) = postSolution
		SolutionGuid = {3B0A0DE1-B760-412C-B291-8CE26CA27CBB}
	EndGlobalSection
EndGlobal
